# This file is automatically @generated by Poetry 2.2.1 and should not be changed by hand.

[[package]]
name = "coinche-solver"
version = "0.1.0"
description = ""
optional = false
python-versions = ">=3.7"
groups = ["main"]
files = []
develop = true

[package.source]
type = "directory"
url = "../coinche-solver"

[metadata]
lock-version = "2.1"
python-versions = "^3.10"
content-hash = "abafc05c21319c5226e58f8b53898ffebce430213c64b74b63a44818f27f58d0"
